
Microsoft Visual Studio Solution File, Format Version 12.00
# Visual Studio Version 17
VisualStudioVersion = 17.2.32630.192
MinimumVisualStudioVersion = 10.0.40219.1
Project("{8BC9CEB8-8B4A-11D0-8D11-00A0C91BC942}") = "MarioAndFighterV2", "MarioAndFighterV2\MarioAndFighterV2.vcxproj", "{C01F1A25-13C0-4B83-B770-79D2E6E1CAAE}"
EndProject
Global
	GlobalSection(SolutionConfigurationPlatforms) = preSolution
		Debug|x64 = Debug|x64
		Debug|x86 = Debug|x86
		Release|x64 = Release|x64
		Release|x86 = Release|x86
	EndGlobalSection
	GlobalSection(ProjectConfigurationPlatforms) = postSolution
		{C01F1A25-13C0-4B83-B770-79D2E6E1CAAE}.Debug|x64.ActiveCfg = Debug|x64
		{C01F1A25-13C0-4B83-B770-79D2E6E1CAAE}.Debug|x64.Build.0 = Debug|x64
		{C01F1A25-13C0-4B83-B770-79D2E6E1CAAE}.Debug|x86.ActiveCfg = Debug|Win32
		{C01F1A25-13C0-4B83-B770-79D2E6E1CAAE}.Debug|x86.Build.0 = Debug|Win32
		{C01F1A25-13C0-4B83-B770-79D2E6E1CAAE}.Release|x64.ActiveCfg = Release|x64
		{C01F1A25-13C0-4B83-B770-79D2E6E1CAAE}.Release|x64.Build.0 = Release|x64
		{C01F1A25-13C0-4B83-B770-79D2E6E1CAAE}.Release|x86.ActiveCfg = Release|Win32
		{C01F1A25-13C0-4B83-B770-79D2E6E1CAAE}.Release|x86.Build.0 = Release|Win32
	EndGlobalSection
	GlobalSection(SolutionProperties) = preSolution
		HideSolutionNode = FALSE
	EndGlobalSection
	GlobalSection(ExtensibilityGlobals) = postSolution
		SolutionGuid = {166100BD-EF9E-43CA-B0BD-7A5D171F00ED}
	EndGlobalSection
EndGlobal
